
Microsoft Visual Studio Solution File, Format Version 12.00
# Visual Studio Version 17
VisualStudioVersion = 17.0.32014.148
MinimumVisualStudioVersion = 10.0.40219.1
Project("{2150E333-8FDC-42A3-9474-1A3956D46DE8}") = "Applications", "Applications", "{06B4BBDA-FA4D-4E75-9112-81B842EA13E7}"
EndProject
Project("{2150E333-8FDC-42A3-9474-1A3956D46DE8}") = "DataStructures", "DataStructures", "{A01E3EEB-E4E7-4974-BA2F-245C82AC2127}"
EndProject
Project("{2150E333-8FDC-42A3-9474-1A3956D46DE8}") = "Tests", "Tests", "{E332E66D-A34F-41B7-9688-749A49A8F213}"
EndProject
Project("{2150E333-8FDC-42A3-9474-1A3956D46DE8}") = "ApplicationTests", "ApplicationTests", "{BC256829-1D7B-44CF-971C-C5BA6370BE04}"
EndProject
Project("{9A19103F-16F7-4668-BE54-9A1E7A4F7556}") = "VYLab1", "VYLab1\VYLab1.csproj", "{7DD91332-151D-45F8-A427-7334D220998B}"
EndProject
Project("{9A19103F-16F7-4668-BE54-9A1E7A4F7556}") = "ValueAndReferenceTypes", "ValueAndReferenceTypes\ValueAndReferenceTypes.csproj", "{39159060-41AF-4B37-AC02-081E062BC9B9}"
EndProject
Project("{9A19103F-16F7-4668-BE54-9A1E7A4F7556}") = "TheLimitsOfDataTypes", "TheLimitsOfDataTypes\TheLimitsOfDataTypes.csproj", "{E6C05164-DAD4-4B51-9E67-CBE19EA3CF08}"
EndProject
Project("{9A19103F-16F7-4668-BE54-9A1E7A4F7556}") = "ValueAndReferenceTypesTests", "ValueAndReferenceTypesTests\ValueAndReferenceTypesTests.csproj", "{442691AB-A244-48C1-9FC9-825AA25EE418}"
EndProject
Project("{2150E333-8FDC-42A3-9474-1A3956D46DE8}") = "UI", "UI", "{DB2DB5E8-D468-461A-87FE-C664B9480827}"
EndProject
Project("{9A19103F-16F7-4668-BE54-9A1E7A4F7556}") = "RefAndOutConsoleApp", "RefAndOutConsoleApp\RefAndOutConsoleApp.csproj", "{B7174390-91AF-4255-A438-E0CE04D97A73}"
EndProject
Project("{9A19103F-16F7-4668-BE54-9A1E7A4F7556}") = "Array", "Array\Array.csproj", "{6253B57E-5B43-439F-ACA2-28BF05FDD1DB}"
EndProject
Project("{2150E333-8FDC-42A3-9474-1A3956D46DE8}") = "Arrays", "Arrays", "{4427BD27-D815-4641-9101-EF51489BC92F}"
EndProject
Project("{2150E333-8FDC-42A3-9474-1A3956D46DE8}") = "ArrayTest", "ArrayTest", "{18719A8C-CE96-4F8B-9C7D-B4DEE5698A51}"
EndProject
Project("{9A19103F-16F7-4668-BE54-9A1E7A4F7556}") = "ArrayTests", "ArrayTests\ArrayTests.csproj", "{EF12A01B-223F-447A-B143-125C619782EE}"
EndProject
Project("{2150E333-8FDC-42A3-9474-1A3956D46DE8}") = "LinkedList", "LinkedList", "{AEB09318-1376-48D7-A0D9-74022FB69E3D}"
EndProject
Project("{2150E333-8FDC-42A3-9474-1A3956D46DE8}") = "SinglyLinkedList", "SinglyLinkedList", "{9D346C0A-7EC3-401A-B5B8-A31EE7AB0865}"
EndProject
Project("{9A19103F-16F7-4668-BE54-9A1E7A4F7556}") = "SinglyLinkedList", "SinglyLinkedList\SinglyLinkedList.csproj", "{3F3AAE68-4816-4033-9A89-9BF63BAF4065}"
EndProject
Project("{9A19103F-16F7-4668-BE54-9A1E7A4F7556}") = "SinglyLinkedListEnumerator", "SinglyLinkedListEnumerator\SinglyLinkedListEnumerator.csproj", "{B4B4BB1F-EBDC-4B9F-9ECC-6AFEEB95F219}"
EndProject
Project("{9A19103F-16F7-4668-BE54-9A1E7A4F7556}") = "SinglyLinkedListNode", "SinglyLinkedListNode\SinglyLinkedListNode.csproj", "{0D574A34-BB10-4741-A95C-919DB6DC0662}"
EndProject
Project("{9A19103F-16F7-4668-BE54-9A1E7A4F7556}") = "CollectionListTest", "CollectionListTest\CollectionListTest.csproj", "{6FA42630-CA86-4805-B3B9-364F571B7C83}"
EndProject
Project("{2150E333-8FDC-42A3-9474-1A3956D46DE8}") = "DataStructuresTests", "DataStructuresTests", "{D8FED5A7-364F-4FA1-8218-164FBFB8F030}"
EndProject
Project("{2150E333-8FDC-42A3-9474-1A3956D46DE8}") = "LinkedListTest", "LinkedListTest", "{B1D2DB0C-F9F4-4F77-A092-B93CAF34E266}"
EndProject
Project("{9A19103F-16F7-4668-BE54-9A1E7A4F7556}") = "LinkedListTests", "LinkedListTests\LinkedListTests.csproj", "{36DB292E-7777-4C2D-B64F-CE5910728076}"
EndProject
Project("{9A19103F-16F7-4668-BE54-9A1E7A4F7556}") = "LinkedList", "LinkedList\LinkedList.csproj", "{D038C28C-77E3-444E-AF5F-6506F4542682}"
EndProject
Project("{2150E333-8FDC-42A3-9474-1A3956D46DE8}") = "DoubleyLinkedList", "DoubleyLinkedList", "{2D9A2F29-9E87-434E-8B3C-1A01AEA7F2A8}"
EndProject
Project("{9A19103F-16F7-4668-BE54-9A1E7A4F7556}") = "DbNode", "DbNode\DbNode.csproj", "{DC8A71BC-0139-4938-94CE-D678796C2816}"
EndProject
Project("{9A19103F-16F7-4668-BE54-9A1E7A4F7556}") = "DoublyLinkedList", "DoublyLinkedList\DoublyLinkedList.csproj", "{F1D8172A-3DB4-4091-9402-E58153855E9E}"
EndProject
Project("{9A19103F-16F7-4668-BE54-9A1E7A4F7556}") = "DoublyLinkedListEnumerator", "DoublyLinkedListEnumerator\DoublyLinkedListEnumerator.csproj", "{70F90D0D-7860-43DF-9A2A-DEDBE94ED8D0}"
EndProject
Project("{2150E333-8FDC-42A3-9474-1A3956D46DE8}") = "Stack", "Stack", "{45271317-B092-49FC-82F6-0AD9D210719F}"
EndProject
Project("{FAE04EC0-301F-11D3-BF4B-00C04F79EFBC}") = "Stack", "Stack\Stack.csproj", "{B996567C-B635-4E34-A5A9-1948A0D2456B}"
EndProject
Project("{FAE04EC0-301F-11D3-BF4B-00C04F79EFBC}") = "StackApp", "StackApp\StackApp.csproj", "{6F938415-738E-4F64-B37F-B8ADE69F2A94}"
EndProject
Project("{2150E333-8FDC-42A3-9474-1A3956D46DE8}") = "Stack", "Stack", "{036DF51F-788B-4E50-8A86-1E81601A3427}"
EndProject
Project("{FAE04EC0-301F-11D3-BF4B-00C04F79EFBC}") = "StackTests", "StackTests\StackTests.csproj", "{B4CC7BA5-4FD4-4635-A42A-394BF5993701}"
EndProject
Project("{2150E333-8FDC-42A3-9474-1A3956D46DE8}") = "Queue", "Queue", "{F6D844F5-CA93-4316-9A4F-B294C5F4F247}"
EndProject
Project("{FAE04EC0-301F-11D3-BF4B-00C04F79EFBC}") = "Queue", "Queue\Queue.csproj", "{9B1B3B8D-568A-4737-9173-CFD3451458B7}"
EndProject
Project("{FAE04EC0-301F-11D3-BF4B-00C04F79EFBC}") = "QueueApp", "QueueApp\QueueApp.csproj", "{457F313E-71A7-4DEE-BA57-F7BEF2297D35}"
EndProject
Project("{2150E333-8FDC-42A3-9474-1A3956D46DE8}") = "Queue", "Queue", "{AFD2BCCA-C90F-4E02-9F1E-E9FFF4F5739F}"
EndProject
Project("{FAE04EC0-301F-11D3-BF4B-00C04F79EFBC}") = "QueueTests", "QueueTests\QueueTests.csproj", "{10C5F600-9592-45EC-9064-487D17A6910D}"
EndProject
Global
	GlobalSection(SolutionConfigurationPlatforms) = preSolution
		Debug|Any CPU = Debug|Any CPU
		Release|Any CPU = Release|Any CPU
	EndGlobalSection
	GlobalSection(ProjectConfigurationPlatforms) = postSolution
		{7DD91332-151D-45F8-A427-7334D220998B}.Debug|Any CPU.ActiveCfg = Debug|Any CPU
		{7DD91332-151D-45F8-A427-7334D220998B}.Debug|Any CPU.Build.0 = Debug|Any CPU
		{7DD91332-151D-45F8-A427-7334D220998B}.Release|Any CPU.ActiveCfg = Release|Any CPU
		{7DD91332-151D-45F8-A427-7334D220998B}.Release|Any CPU.Build.0 = Release|Any CPU
		{39159060-41AF-4B37-AC02-081E062BC9B9}.Debug|Any CPU.ActiveCfg = Debug|Any CPU
		{39159060-41AF-4B37-AC02-081E062BC9B9}.Debug|Any CPU.Build.0 = Debug|Any CPU
		{39159060-41AF-4B37-AC02-081E062BC9B9}.Release|Any CPU.ActiveCfg = Release|Any CPU
		{39159060-41AF-4B37-AC02-081E062BC9B9}.Release|Any CPU.Build.0 = Release|Any CPU
		{E6C05164-DAD4-4B51-9E67-CBE19EA3CF08}.Debug|Any CPU.ActiveCfg = Debug|Any CPU
		{E6C05164-DAD4-4B51-9E67-CBE19EA3CF08}.Debug|Any CPU.Build.0 = Debug|Any CPU
		{E6C05164-DAD4-4B51-9E67-CBE19EA3CF08}.Release|Any CPU.ActiveCfg = Release|Any CPU
		{E6C05164-DAD4-4B51-9E67-CBE19EA3CF08}.Release|Any CPU.Build.0 = Release|Any CPU
		{442691AB-A244-48C1-9FC9-825AA25EE418}.Debug|Any CPU.ActiveCfg = Debug|Any CPU
		{442691AB-A244-48C1-9FC9-825AA25EE418}.Debug|Any CPU.Build.0 = Debug|Any CPU
		{442691AB-A244-48C1-9FC9-825AA25EE418}.Release|Any CPU.ActiveCfg = Release|Any CPU
		{442691AB-A244-48C1-9FC9-825AA25EE418}.Release|Any CPU.Build.0 = Release|Any CPU
		{B7174390-91AF-4255-A438-E0CE04D97A73}.Debug|Any CPU.ActiveCfg = Debug|Any CPU
		{B7174390-91AF-4255-A438-E0CE04D97A73}.Debug|Any CPU.Build.0 = Debug|Any CPU
		{B7174390-91AF-4255-A438-E0CE04D97A73}.Release|Any CPU.ActiveCfg = Release|Any CPU
		{B7174390-91AF-4255-A438-E0CE04D97A73}.Release|Any CPU.Build.0 = Release|Any CPU
		{6253B57E-5B43-439F-ACA2-28BF05FDD1DB}.Debug|Any CPU.ActiveCfg = Debug|Any CPU
		{6253B57E-5B43-439F-ACA2-28BF05FDD1DB}.Debug|Any CPU.Build.0 = Debug|Any CPU
		{6253B57E-5B43-439F-ACA2-28BF05FDD1DB}.Release|Any CPU.ActiveCfg = Release|Any CPU
		{6253B57E-5B43-439F-ACA2-28BF05FDD1DB}.Release|Any CPU.Build.0 = Release|Any CPU
		{EF12A01B-223F-447A-B143-125C619782EE}.Debug|Any CPU.ActiveCfg = Debug|Any CPU
		{EF12A01B-223F-447A-B143-125C619782EE}.Debug|Any CPU.Build.0 = Debug|Any CPU
		{EF12A01B-223F-447A-B143-125C619782EE}.Release|Any CPU.ActiveCfg = Release|Any CPU
		{EF12A01B-223F-447A-B143-125C619782EE}.Release|Any CPU.Build.0 = Release|Any CPU
		{3F3AAE68-4816-4033-9A89-9BF63BAF4065}.Debug|Any CPU.ActiveCfg = Debug|Any CPU
		{3F3AAE68-4816-4033-9A89-9BF63BAF4065}.Debug|Any CPU.Build.0 = Debug|Any CPU
		{3F3AAE68-4816-4033-9A89-9BF63BAF4065}.Release|Any CPU.ActiveCfg = Release|Any CPU
		{3F3AAE68-4816-4033-9A89-9BF63BAF4065}.Release|Any CPU.Build.0 = Release|Any CPU
		{B4B4BB1F-EBDC-4B9F-9ECC-6AFEEB95F219}.Debug|Any CPU.ActiveCfg = Debug|Any CPU
		{B4B4BB1F-EBDC-4B9F-9ECC-6AFEEB95F219}.Debug|Any CPU.Build.0 = Debug|Any CPU
		{B4B4BB1F-EBDC-4B9F-9ECC-6AFEEB95F219}.Release|Any CPU.ActiveCfg = Release|Any CPU
		{B4B4BB1F-EBDC-4B9F-9ECC-6AFEEB95F219}.Release|Any CPU.Build.0 = Release|Any CPU
		{0D574A34-BB10-4741-A95C-919DB6DC0662}.Debug|Any CPU.ActiveCfg = Debug|Any CPU
		{0D574A34-BB10-4741-A95C-919DB6DC0662}.Debug|Any CPU.Build.0 = Debug|Any CPU
		{0D574A34-BB10-4741-A95C-919DB6DC0662}.Release|Any CPU.ActiveCfg = Release|Any CPU
		{0D574A34-BB10-4741-A95C-919DB6DC0662}.Release|Any CPU.Build.0 = Release|Any CPU
		{6FA42630-CA86-4805-B3B9-364F571B7C83}.Debug|Any CPU.ActiveCfg = Debug|Any CPU
		{6FA42630-CA86-4805-B3B9-364F571B7C83}.Debug|Any CPU.Build.0 = Debug|Any CPU
		{6FA42630-CA86-4805-B3B9-364F571B7C83}.Release|Any CPU.ActiveCfg = Release|Any CPU
		{6FA42630-CA86-4805-B3B9-364F571B7C83}.Release|Any CPU.Build.0 = Release|Any CPU
		{36DB292E-7777-4C2D-B64F-CE5910728076}.Debug|Any CPU.ActiveCfg = Debug|Any CPU
		{36DB292E-7777-4C2D-B64F-CE5910728076}.Debug|Any CPU.Build.0 = Debug|Any CPU
		{36DB292E-7777-4C2D-B64F-CE5910728076}.Release|Any CPU.ActiveCfg = Release|Any CPU
		{36DB292E-7777-4C2D-B64F-CE5910728076}.Release|Any CPU.Build.0 = Release|Any CPU
		{D038C28C-77E3-444E-AF5F-6506F4542682}.Debug|Any CPU.ActiveCfg = Debug|Any CPU
		{D038C28C-77E3-444E-AF5F-6506F4542682}.Debug|Any CPU.Build.0 = Debug|Any CPU
		{D038C28C-77E3-444E-AF5F-6506F4542682}.Release|Any CPU.ActiveCfg = Release|Any CPU
		{D038C28C-77E3-444E-AF5F-6506F4542682}.Release|Any CPU.Build.0 = Release|Any CPU
		{DC8A71BC-0139-4938-94CE-D678796C2816}.Debug|Any CPU.ActiveCfg = Debug|Any CPU
		{DC8A71BC-0139-4938-94CE-D678796C2816}.Debug|Any CPU.Build.0 = Debug|Any CPU
		{DC8A71BC-0139-4938-94CE-D678796C2816}.Release|Any CPU.ActiveCfg = Release|Any CPU
		{DC8A71BC-0139-4938-94CE-D678796C2816}.Release|Any CPU.Build.0 = Release|Any CPU
		{F1D8172A-3DB4-4091-9402-E58153855E9E}.Debug|Any CPU.ActiveCfg = Debug|Any CPU
		{F1D8172A-3DB4-4091-9402-E58153855E9E}.Debug|Any CPU.Build.0 = Debug|Any CPU
		{F1D8172A-3DB4-4091-9402-E58153855E9E}.Release|Any CPU.ActiveCfg = Release|Any CPU
		{F1D8172A-3DB4-4091-9402-E58153855E9E}.Release|Any CPU.Build.0 = Release|Any CPU
		{70F90D0D-7860-43DF-9A2A-DEDBE94ED8D0}.Debug|Any CPU.ActiveCfg = Debug|Any CPU
		{70F90D0D-7860-43DF-9A2A-DEDBE94ED8D0}.Debug|Any CPU.Build.0 = Debug|Any CPU
		{70F90D0D-7860-43DF-9A2A-DEDBE94ED8D0}.Release|Any CPU.ActiveCfg = Release|Any CPU
		{70F90D0D-7860-43DF-9A2A-DEDBE94ED8D0}.Release|Any CPU.Build.0 = Release|Any CPU
		{B996567C-B635-4E34-A5A9-1948A0D2456B}.Debug|Any CPU.ActiveCfg = Debug|Any CPU
		{B996567C-B635-4E34-A5A9-1948A0D2456B}.Debug|Any CPU.Build.0 = Debug|Any CPU
		{B996567C-B635-4E34-A5A9-1948A0D2456B}.Release|Any CPU.ActiveCfg = Release|Any CPU
		{B996567C-B635-4E34-A5A9-1948A0D2456B}.Release|Any CPU.Build.0 = Release|Any CPU
		{6F938415-738E-4F64-B37F-B8ADE69F2A94}.Debug|Any CPU.ActiveCfg = Debug|Any CPU
		{6F938415-738E-4F64-B37F-B8ADE69F2A94}.Debug|Any CPU.Build.0 = Debug|Any CPU
		{6F938415-738E-4F64-B37F-B8ADE69F2A94}.Release|Any CPU.ActiveCfg = Release|Any CPU
		{6F938415-738E-4F64-B37F-B8ADE69F2A94}.Release|Any CPU.Build.0 = Release|Any CPU
		{B4CC7BA5-4FD4-4635-A42A-394BF5993701}.Debug|Any CPU.ActiveCfg = Debug|Any CPU
		{B4CC7BA5-4FD4-4635-A42A-394BF5993701}.Debug|Any CPU.Build.0 = Debug|Any CPU
		{B4CC7BA5-4FD4-4635-A42A-394BF5993701}.Release|Any CPU.ActiveCfg = Release|Any CPU
		{B4CC7BA5-4FD4-4635-A42A-394BF5993701}.Release|Any CPU.Build.0 = Release|Any CPU
		{9B1B3B8D-568A-4737-9173-CFD3451458B7}.Debug|Any CPU.ActiveCfg = Debug|Any CPU
		{9B1B3B8D-568A-4737-9173-CFD3451458B7}.Debug|Any CPU.Build.0 = Debug|Any CPU
		{9B1B3B8D-568A-4737-9173-CFD3451458B7}.Release|Any CPU.ActiveCfg = Release|Any CPU
		{9B1B3B8D-568A-4737-9173-CFD3451458B7}.Release|Any CPU.Build.0 = Release|Any CPU
		{457F313E-71A7-4DEE-BA57-F7BEF2297D35}.Debug|Any CPU.ActiveCfg = Debug|Any CPU
		{457F313E-71A7-4DEE-BA57-F7BEF2297D35}.Debug|Any CPU.Build.0 = Debug|Any CPU
		{457F313E-71A7-4DEE-BA57-F7BEF2297D35}.Release|Any CPU.ActiveCfg = Release|Any CPU
		{457F313E-71A7-4DEE-BA57-F7BEF2297D35}.Release|Any CPU.Build.0 = Release|Any CPU
		{10C5F600-9592-45EC-9064-487D17A6910D}.Debug|Any CPU.ActiveCfg = Debug|Any CPU
		{10C5F600-9592-45EC-9064-487D17A6910D}.Debug|Any CPU.Build.0 = Debug|Any CPU
		{10C5F600-9592-45EC-9064-487D17A6910D}.Release|Any CPU.ActiveCfg = Release|Any CPU
		{10C5F600-9592-45EC-9064-487D17A6910D}.Release|Any CPU.Build.0 = Release|Any CPU
	EndGlobalSection
	GlobalSection(SolutionProperties) = preSolution
		HideSolutionNode = FALSE
	EndGlobalSection
	GlobalSection(NestedProjects) = preSolution
		{BC256829-1D7B-44CF-971C-C5BA6370BE04} = {E332E66D-A34F-41B7-9688-749A49A8F213}
		{7DD91332-151D-45F8-A427-7334D220998B} = {06B4BBDA-FA4D-4E75-9112-81B842EA13E7}
		{39159060-41AF-4B37-AC02-081E062BC9B9} = {06B4BBDA-FA4D-4E75-9112-81B842EA13E7}
		{E6C05164-DAD4-4B51-9E67-CBE19EA3CF08} = {BC256829-1D7B-44CF-971C-C5BA6370BE04}
		{442691AB-A244-48C1-9FC9-825AA25EE418} = {BC256829-1D7B-44CF-971C-C5BA6370BE04}
		{B7174390-91AF-4255-A438-E0CE04D97A73} = {DB2DB5E8-D468-461A-87FE-C664B9480827}
		{6253B57E-5B43-439F-ACA2-28BF05FDD1DB} = {4427BD27-D815-4641-9101-EF51489BC92F}
		{4427BD27-D815-4641-9101-EF51489BC92F} = {A01E3EEB-E4E7-4974-BA2F-245C82AC2127}
		{18719A8C-CE96-4F8B-9C7D-B4DEE5698A51} = {D8FED5A7-364F-4FA1-8218-164FBFB8F030}
		{EF12A01B-223F-447A-B143-125C619782EE} = {18719A8C-CE96-4F8B-9C7D-B4DEE5698A51}
		{AEB09318-1376-48D7-A0D9-74022FB69E3D} = {A01E3EEB-E4E7-4974-BA2F-245C82AC2127}
		{9D346C0A-7EC3-401A-B5B8-A31EE7AB0865} = {AEB09318-1376-48D7-A0D9-74022FB69E3D}
		{3F3AAE68-4816-4033-9A89-9BF63BAF4065} = {9D346C0A-7EC3-401A-B5B8-A31EE7AB0865}
		{B4B4BB1F-EBDC-4B9F-9ECC-6AFEEB95F219} = {9D346C0A-7EC3-401A-B5B8-A31EE7AB0865}
		{0D574A34-BB10-4741-A95C-919DB6DC0662} = {9D346C0A-7EC3-401A-B5B8-A31EE7AB0865}
		{6FA42630-CA86-4805-B3B9-364F571B7C83} = {BC256829-1D7B-44CF-971C-C5BA6370BE04}
		{D8FED5A7-364F-4FA1-8218-164FBFB8F030} = {E332E66D-A34F-41B7-9688-749A49A8F213}
		{B1D2DB0C-F9F4-4F77-A092-B93CAF34E266} = {D8FED5A7-364F-4FA1-8218-164FBFB8F030}
		{36DB292E-7777-4C2D-B64F-CE5910728076} = {B1D2DB0C-F9F4-4F77-A092-B93CAF34E266}
		{D038C28C-77E3-444E-AF5F-6506F4542682} = {DB2DB5E8-D468-461A-87FE-C664B9480827}
		{2D9A2F29-9E87-434E-8B3C-1A01AEA7F2A8} = {AEB09318-1376-48D7-A0D9-74022FB69E3D}
		{DC8A71BC-0139-4938-94CE-D678796C2816} = {2D9A2F29-9E87-434E-8B3C-1A01AEA7F2A8}
		{F1D8172A-3DB4-4091-9402-E58153855E9E} = {2D9A2F29-9E87-434E-8B3C-1A01AEA7F2A8}
		{70F90D0D-7860-43DF-9A2A-DEDBE94ED8D0} = {2D9A2F29-9E87-434E-8B3C-1A01AEA7F2A8}
		{45271317-B092-49FC-82F6-0AD9D210719F} = {A01E3EEB-E4E7-4974-BA2F-245C82AC2127}
		{B996567C-B635-4E34-A5A9-1948A0D2456B} = {45271317-B092-49FC-82F6-0AD9D210719F}
		{6F938415-738E-4F64-B37F-B8ADE69F2A94} = {DB2DB5E8-D468-461A-87FE-C664B9480827}
		{036DF51F-788B-4E50-8A86-1E81601A3427} = {D8FED5A7-364F-4FA1-8218-164FBFB8F030}
		{B4CC7BA5-4FD4-4635-A42A-394BF5993701} = {036DF51F-788B-4E50-8A86-1E81601A3427}
		{F6D844F5-CA93-4316-9A4F-B294C5F4F247} = {A01E3EEB-E4E7-4974-BA2F-245C82AC2127}
		{9B1B3B8D-568A-4737-9173-CFD3451458B7} = {F6D844F5-CA93-4316-9A4F-B294C5F4F247}
		{457F313E-71A7-4DEE-BA57-F7BEF2297D35} = {DB2DB5E8-D468-461A-87FE-C664B9480827}
		{AFD2BCCA-C90F-4E02-9F1E-E9FFF4F5739F} = {D8FED5A7-364F-4FA1-8218-164FBFB8F030}
		{10C5F600-9592-45EC-9064-487D17A6910D} = {AFD2BCCA-C90F-4E02-9F1E-E9FFF4F5739F}
	EndGlobalSection
	GlobalSection(ExtensibilityGlobals) = postSolution
		SolutionGuid = {0FD20578-C7CC-4363-9D6A-A36827725A4B}
	EndGlobalSection
EndGlobal
